# This file was autogenerated by uv via the following command:
#    uv pip compile pyproject.toml -o uv.lock
amqp==5.3.1
    # via kombu
asgiref==3.9.2
    # via
    #   django
    #   django-stubs
billiard==4.2.2
    # via celery
celery==5.5.3
    # via travelpals (pyproject.toml)
click==8.3.0
    # via
    #   celery
    #   click-didyoumean
    #   click-plugins
    #   click-repl
click-didyoumean==0.3.1
    # via celery
click-plugins==1.1.1.2
    # via celery
click-repl==0.3.0
    # via celery
coverage==7.10.7
    # via pytest-cov
django==5.2.6
    # via
    #   travelpals (pyproject.toml)
    #   django-debug-toolbar
    #   django-stubs
    #   django-stubs-ext
django-debug-toolbar==6.0.0
    # via travelpals (pyproject.toml)
django-stubs==5.0.2
    # via travelpals (pyproject.toml)
django-stubs-ext==5.2.5
    # via django-stubs
fakeredis==2.31.3
    # via travelpals (pyproject.toml)
gunicorn==23.0.0
    # via travelpals (pyproject.toml)
iniconfig==2.1.0
    # via pytest
kombu==5.5.4
    # via celery
packaging==25.0
    # via
    #   gunicorn
    #   kombu
    #   pytest
pluggy==1.6.0
    # via pytest
prompt-toolkit==3.0.52
    # via click-repl
psycopg==3.2.10
    # via travelpals (pyproject.toml)
pygments==2.19.2
    # via pytest
pytest==8.4.0
    # via
    #   travelpals (pyproject.toml)
    #   pytest-cov
    #   pytest-django
pytest-cov==5.0.0
    # via travelpals (pyproject.toml)
pytest-django==4.10.0
    # via travelpals (pyproject.toml)
python-dateutil==2.9.0.post0
    # via celery
redis==6.4.0
    # via
    #   travelpals (pyproject.toml)
    #   fakeredis
ruff==0.13.0
    # via travelpals (pyproject.toml)
setuptools==80.9.0
    # via travelpals (pyproject.toml)
six==1.17.0
    # via python-dateutil
sortedcontainers==2.4.0
    # via fakeredis
sqlparse==0.5.3
    # via
    #   django
    #   django-debug-toolbar
types-pyyaml==6.0.12.20250915
    # via django-stubs
typing-extensions==4.15.0
    # via
    #   django-stubs
    #   django-stubs-ext
tzdata==2025.2
    # via kombu
vine==5.1.0
    # via
    #   amqp
    #   celery
    #   kombu
wcwidth==0.2.14
    # via prompt-toolkit
whitenoise==6.10.0
    # via travelpals (pyproject.toml)
